
Microsoft Visual Studio Solution File, Format Version 12.00
# Visual Studio 15
VisualStudioVersion = 15.0.27004.2009
MinimumVisualStudioVersion = 10.0.40219.1
Project("{FAE04EC0-301F-11D3-BF4B-00C04F79EFBC}") = "AntiBinTest", "AntiBinTest\AntiBinTest.csproj", "{01D75F6C-EBDE-4155-B240-F6A904B830AB}"
EndProject
Global
	GlobalSection(SolutionConfigurationPlatforms) = preSolution
		Debug|Any CPU = Debug|Any CPU
		Release|Any CPU = Release|Any CPU
	EndGlobalSection
	GlobalSection(ProjectConfigurationPlatforms) = postSolution
		{01D75F6C-EBDE-4155-B240-F6A904B830AB}.Debug|Any CPU.ActiveCfg = Debug|Any CPU
		{01D75F6C-EBDE-4155-B240-F6A904B830AB}.Debug|Any CPU.Build.0 = Debug|Any CPU
		{01D75F6C-EBDE-4155-B240-F6A904B830AB}.Release|Any CPU.ActiveCfg = Release|Any CPU
		{01D75F6C-EBDE-4155-B240-F6A904B830AB}.Release|Any CPU.Build.0 = Release|Any CPU
	EndGlobalSection
	GlobalSection(SolutionProperties) = preSolution
		HideSolutionNode = FALSE
	EndGlobalSection
	GlobalSection(ExtensibilityGlobals) = postSolution
		SolutionGuid = {16071B2F-D6E8-41BB-9FC9-C4228F43908D}
	EndGlobalSection
EndGlobal
